<?xml version="1.0" encoding="utf-8"?>
<Project ToolsVersion="4.0" xmlns="http://schemas.microsoft.com/developer/msbuild/2003">
  <ItemGroup>
    <ClCompile Include="controllerclass.cpp">
      <Filter>General Code\Utility</Filter>
    </ClCompile>
    <ClCompile Include="cpumeter.cpp">
      <Filter>General Code\Utility</Filter>
    </ClCompile>
    <ClCompile Include="Renderer.cpp">
      <Filter>Rendering</Filter>
    </ClCompile>
    <ClCompile Include="DepthOnlyQuadShader.cpp">
      <Filter>Rendering\Shader wrappers\Shadow shader wrappers</Filter>
    </ClCompile>
    <ClCompile Include="DepthOnlyShader.cpp">
      <Filter>Rendering\Shader wrappers\Shadow shader wrappers</Filter>
    </ClCompile>
    <ClCompile Include="DRCompose.cpp">
      <Filter>Rendering\Shader wrappers\Deferred rendering wrappers</Filter>
    </ClCompile>
    <ClCompile Include="DRDirectionalLight.cpp">
      <Filter>Rendering\Shader wrappers\Deferred rendering wrappers</Filter>
    </ClCompile>
    <ClCompile Include="DRGBuffer.cpp">
      <Filter>Rendering\Shader wrappers\Deferred rendering wrappers</Filter>
    </ClCompile>
    <ClCompile Include="DRPointLight.cpp">
      <Filter>Rendering\Shader wrappers\Deferred rendering wrappers</Filter>
    </ClCompile>
    <ClCompile Include="fpsmeter.cpp">
      <Filter>General Code\Utility</Filter>
    </ClCompile>
    <ClCompile Include="frustumclass.cpp">
      <Filter>General Code\Utility</Filter>
    </ClCompile>
    <ClCompile Include="inputclass.cpp">
      <Filter>General Code\Utility</Filter>
    </ClCompile>
    <ClCompile Include="LSystemBranch.cpp">
      <Filter>Procedural generation</Filter>
    </ClCompile>
    <ClCompile Include="LSystemClass.cpp">
      <Filter>Procedural generation</Filter>
    </ClCompile>
    <ClCompile Include="marchingCubesClass.cpp">
      <Filter>Procedural generation</Filter>
    </ClCompile>
    <ClCompile Include="MCTerrainClass.cpp">
      <Filter>Procedural generation</Filter>
    </ClCompile>
    <ClCompile Include="MCubesGBufferShader.cpp">
      <Filter>Rendering\Shader wrappers\Deferred rendering wrappers</Filter>
    </ClCompile>
    <ClCompile Include="SimplexNoise.cpp">
      <Filter>Procedural generation</Filter>
    </ClCompile>
    <ClCompile Include="TextureAndMaterialHandler.cpp">
      <Filter>Rendering</Filter>
    </ClCompile>
    <ClCompile Include="Engine.cpp">
      <Filter>General Code</Filter>
    </ClCompile>
    <ClCompile Include="main.cpp">
      <Filter>General Code</Filter>
    </ClCompile>
    <ClCompile Include="SkySphere.cpp">
      <Filter>Rendering</Filter>
    </ClCompile>
    <ClCompile Include="fontshaderclass.cpp">
      <Filter>Rendering\Shader wrappers</Filter>
    </ClCompile>
    <ClCompile Include="Utility.cpp">
      <Filter>General Code\Utility</Filter>
    </ClCompile>
    <ClCompile Include="timerclass.cpp">
      <Filter>General Code\Utility</Filter>
    </ClCompile>
    <ClCompile Include="soundclass.cpp">
      <Filter>General Code\Utility</Filter>
    </ClCompile>
    <ClCompile Include="cameraclass.cpp">
      <Filter>General Code</Filter>
    </ClCompile>
    <ClCompile Include="d3dclass.cpp">
      <Filter>General Code</Filter>
    </ClCompile>
    <ClCompile Include="DayNightCycle.cpp">
      <Filter>General Code</Filter>
    </ClCompile>
    <ClCompile Include="SkysphereShader.cpp">
      <Filter>Rendering\Shader wrappers</Filter>
    </ClCompile>
    <ClCompile Include="VegetationShader.cpp">
      <Filter>Rendering\Shader wrappers</Filter>
    </ClCompile>
    <ClCompile Include="VertexShaderOnly.cpp">
      <Filter>Rendering\Shader wrappers</Filter>
    </ClCompile>
    <ClCompile Include="structs.cpp">
      <Filter>General Code</Filter>
    </ClCompile>
    <ClCompile Include="textureshaderclass.cpp">
      <Filter>Rendering\Shader wrappers</Filter>
    </ClCompile>
    <ClCompile Include="textclass.cpp">
      <Filter>Rendering\Rendering utility</Filter>
    </ClCompile>
    <ClCompile Include="texturearray.cpp">
      <Filter>Rendering\Rendering utility</Filter>
    </ClCompile>
    <ClCompile Include="textureclass.cpp">
      <Filter>Rendering\Rendering utility</Filter>
    </ClCompile>
    <ClCompile Include="bitmapclass.cpp">
      <Filter>Rendering\Rendering utility</Filter>
    </ClCompile>
    <ClCompile Include="debugwindowclass.cpp">
      <Filter>Rendering\Rendering utility</Filter>
    </ClCompile>
    <ClCompile Include="fontclass.cpp">
      <Filter>Rendering\Rendering utility</Filter>
    </ClCompile>
    <ClCompile Include="modelclass.cpp">
      <Filter>Rendering\Rendering utility</Filter>
    </ClCompile>
    <ClCompile Include="modellistclass.cpp">
      <Filter>Rendering\Rendering utility</Filter>
    </ClCompile>
    <ClCompile Include="renderToTextureClass.cpp">
      <Filter>Rendering\Rendering utility</Filter>
    </ClCompile>
    <ClCompile Include="VegetationManager.cpp">
      <Filter>Rendering</Filter>
    </ClCompile>
    <ClCompile Include="TreeClass.cpp">
      <Filter>Procedural generation</Filter>
    </ClCompile>
    <ClCompile Include="GaussianBlur.cpp">
      <Filter>Rendering\Shader wrappers\Post processing</Filter>
    </ClCompile>
  </ItemGroup>
  <ItemGroup>
    <ClInclude Include="cpumeter.h">
      <Filter>General Code\Utility</Filter>
    </ClInclude>
    <ClInclude Include="controllerclass.h">
      <Filter>General Code\Utility</Filter>
    </ClInclude>
    <ClInclude Include="Renderer.h">
      <Filter>Rendering</Filter>
    </ClInclude>
    <ClInclude Include="DepthOnlyShader.h">
      <Filter>Rendering\Shader wrappers\Shadow shader wrappers</Filter>
    </ClInclude>
    <ClInclude Include="DepthOnlyQuadShader.h">
      <Filter>Rendering\Shader wrappers\Shadow shader wrappers</Filter>
    </ClInclude>
    <ClInclude Include="DRDirectionalLight.h">
      <Filter>Rendering\Shader wrappers\Deferred rendering wrappers</Filter>
    </ClInclude>
    <ClInclude Include="DRCompose.h">
      <Filter>Rendering\Shader wrappers\Deferred rendering wrappers</Filter>
    </ClInclude>
    <ClInclude Include="DRGBuffer.h">
      <Filter>Rendering\Shader wrappers\Deferred rendering wrappers</Filter>
    </ClInclude>
    <ClInclude Include="DRPointLight.h">
      <Filter>Rendering\Shader wrappers\Deferred rendering wrappers</Filter>
    </ClInclude>
    <ClInclude Include="fpsmeter.h">
      <Filter>General Code\Utility</Filter>
    </ClInclude>
    <ClInclude Include="frustumclass.h">
      <Filter>General Code\Utility</Filter>
    </ClInclude>
    <ClInclude Include="inputclass.h">
      <Filter>General Code\Utility</Filter>
    </ClInclude>
    <ClInclude Include="interfacepointers.h">
      <Filter>General Code\Utility</Filter>
    </ClInclude>
    <ClInclude Include="LSystemClass.h">
      <Filter>Procedural generation</Filter>
    </ClInclude>
    <ClInclude Include="LSystemBranch.h">
      <Filter>Procedural generation</Filter>
    </ClInclude>
    <ClInclude Include="marchingCubesClass.h">
      <Filter>Procedural generation</Filter>
    </ClInclude>
    <ClInclude Include="MCTerrainClass.h">
      <Filter>Procedural generation</Filter>
    </ClInclude>
    <ClInclude Include="MCubesGBufferShader.h">
      <Filter>Rendering\Shader wrappers\Deferred rendering wrappers</Filter>
    </ClInclude>
    <ClInclude Include="SimplexNoise.h">
      <Filter>Procedural generation</Filter>
    </ClInclude>
    <ClInclude Include="metaballsClass.h">
      <Filter>Procedural generation</Filter>
    </ClInclude>
    <ClInclude Include="TextureAndMaterialHandler.h">
      <Filter>Rendering</Filter>
    </ClInclude>
    <ClInclude Include="Engine.h">
      <Filter>General Code</Filter>
    </ClInclude>
    <ClInclude Include="SkySphere.h">
      <Filter>Rendering</Filter>
    </ClInclude>
    <ClInclude Include="fontshaderclass.h">
      <Filter>Rendering\Shader wrappers</Filter>
    </ClInclude>
    <ClInclude Include="Utility.h">
      <Filter>General Code\Utility</Filter>
    </ClInclude>
    <ClInclude Include="timerclass.h">
      <Filter>General Code\Utility</Filter>
    </ClInclude>
    <ClInclude Include="soundclass.h">
      <Filter>General Code\Utility</Filter>
    </ClInclude>
    <ClInclude Include="cameraclass.h">
      <Filter>General Code</Filter>
    </ClInclude>
    <ClInclude Include="d3dclass.h">
      <Filter>General Code</Filter>
    </ClInclude>
    <ClInclude Include="customStructs.h">
      <Filter>Procedural generation</Filter>
    </ClInclude>
    <ClInclude Include="DayNightCycle.h">
      <Filter>General Code</Filter>
    </ClInclude>
    <ClInclude Include="SkysphereShader.h">
      <Filter>Rendering\Shader wrappers</Filter>
    </ClInclude>
    <ClInclude Include="VegetationShader.h">
      <Filter>Rendering\Shader wrappers</Filter>
    </ClInclude>
    <ClInclude Include="VertexShaderOnly.h">
      <Filter>Rendering\Shader wrappers</Filter>
    </ClInclude>
    <ClInclude Include="structs.h">
      <Filter>General Code</Filter>
    </ClInclude>
    <ClInclude Include="textureshaderclass.h">
      <Filter>Rendering\Shader wrappers</Filter>
    </ClInclude>
    <ClInclude Include="texturetriarray.h">
      <Filter>Rendering\Rendering utility</Filter>
    </ClInclude>
    <ClInclude Include="textclass.h">
      <Filter>Rendering\Rendering utility</Filter>
    </ClInclude>
    <ClInclude Include="texturearray.h">
      <Filter>Rendering\Rendering utility</Filter>
    </ClInclude>
    <ClInclude Include="textureclass.h">
      <Filter>Rendering\Rendering utility</Filter>
    </ClInclude>
    <ClInclude Include="debugwindowclass.h">
      <Filter>Rendering\Rendering utility</Filter>
    </ClInclude>
    <ClInclude Include="bitmapclass.h">
      <Filter>Rendering\Rendering utility</Filter>
    </ClInclude>
    <ClInclude Include="fontclass.h">
      <Filter>Rendering\Rendering utility</Filter>
    </ClInclude>
    <ClInclude Include="modelclass.h">
      <Filter>Rendering\Rendering utility</Filter>
    </ClInclude>
    <ClInclude Include="modellistclass.h">
      <Filter>Rendering\Rendering utility</Filter>
    </ClInclude>
    <ClInclude Include="renderToTextureClass.h">
      <Filter>Rendering\Rendering utility</Filter>
    </ClInclude>
    <ClInclude Include="VegetationManager.h">
      <Filter>Rendering</Filter>
    </ClInclude>
    <ClInclude Include="TreeClass.h">
      <Filter>Procedural generation</Filter>
    </ClInclude>
    <ClInclude Include="GaussianBlur.h">
      <Filter>Rendering\Shader wrappers\Post processing</Filter>
    </ClInclude>
  </ItemGroup>
  <ItemGroup>
    <None Include="shader-error.txt" />
    <None Include="DepthOnlyQuadShader.vsh">
      <Filter>Rendering\Shaders\Shadow shaders</Filter>
    </None>
    <None Include="DepthOnlyQuadShader.psh">
      <Filter>Rendering\Shaders\Shadow shaders</Filter>
    </None>
    <None Include="DepthOnlyShader.psh">
      <Filter>Rendering\Shaders\Shadow shaders</Filter>
    </None>
    <None Include="DepthOnlyShader.vsh">
      <Filter>Rendering\Shaders\Shadow shaders</Filter>
    </None>
    <None Include="BasicVertexShader.vsh">
      <Filter>Rendering\Shaders</Filter>
    </None>
    <None Include="DRCompose.psh">
      <Filter>Rendering\Shaders\Deferred shaders</Filter>
    </None>
    <None Include="DRCompose.vsh">
      <Filter>Rendering\Shaders\Deferred shaders</Filter>
    </None>
    <None Include="DRDirectionalLight.vsh">
      <Filter>Rendering\Shaders\Deferred shaders</Filter>
    </None>
    <None Include="DRDirectionalLight.psh">
      <Filter>Rendering\Shaders\Deferred shaders</Filter>
    </None>
    <None Include="DRGBuffer.vsh">
      <Filter>Rendering\Shaders\Deferred shaders</Filter>
    </None>
    <None Include="DRGBuffer.psh">
      <Filter>Rendering\Shaders\Deferred shaders</Filter>
    </None>
    <None Include="DRPointLight.psh">
      <Filter>Rendering\Shaders\Deferred shaders</Filter>
    </None>
    <None Include="DRPointLight.vsh">
      <Filter>Rendering\Shaders\Deferred shaders</Filter>
    </None>
    <None Include="font.psh">
      <Filter>Rendering\Shaders</Filter>
    </None>
    <None Include="font.vsh">
      <Filter>Rendering\Shaders</Filter>
    </None>
    <None Include="MCubesGBufferShader.psh">
      <Filter>Rendering\Shaders\Deferred shaders</Filter>
    </None>
    <None Include="MCubesGBufferShader.vsh">
      <Filter>Rendering\Shaders\Deferred shaders</Filter>
    </None>
    <None Include="skysphere.psh">
      <Filter>Rendering\Shaders</Filter>
    </None>
    <None Include="skysphere.vsh">
      <Filter>Rendering\Shaders</Filter>
    </None>
    <None Include="standard.vsh">
      <Filter>Rendering\Shaders</Filter>
    </None>
    <None Include="texture.psh">
      <Filter>Rendering\Shaders</Filter>
    </None>
    <None Include="texture.vsh">
      <Filter>Rendering\Shaders</Filter>
    </None>
    <None Include="VegetationQuad.vsh">
      <Filter>Rendering\Shaders</Filter>
    </None>
    <None Include="VegetationQuad.psh">
      <Filter>Rendering\Shaders</Filter>
    </None>
    <None Include="gaussianBlurX.psh">
      <Filter>Rendering\Shaders\Post processing</Filter>
    </None>
    <None Include="gaussianBlurY.psh">
      <Filter>Rendering\Shaders\Post processing</Filter>
    </None>
  </ItemGroup>
  <ItemGroup>
    <Filter Include="Rendering">
      <UniqueIdentifier>{4c5ca187-3851-40bb-8f21-71866bf8ec40}</UniqueIdentifier>
    </Filter>
    <Filter Include="Rendering\Shaders">
      <UniqueIdentifier>{565642f3-5a3e-4053-825b-b0f780399d7e}</UniqueIdentifier>
    </Filter>
    <Filter Include="Rendering\Shaders\Deferred shaders">
      <UniqueIdentifier>{477ea58d-2e4d-499d-aa7e-9a8aeb6ef252}</UniqueIdentifier>
    </Filter>
    <Filter Include="Rendering\Shaders\Shadow shaders">
      <UniqueIdentifier>{f3909b06-c348-46c2-8a2b-0dbe726ecaa4}</UniqueIdentifier>
    </Filter>
    <Filter Include="Rendering\Shader wrappers">
      <UniqueIdentifier>{0a8f4398-cd82-4870-8e40-771be4f98bda}</UniqueIdentifier>
    </Filter>
    <Filter Include="Rendering\Shader wrappers\Deferred rendering wrappers">
      <UniqueIdentifier>{6073386f-052b-4234-a49f-55f3fb1520e5}</UniqueIdentifier>
    </Filter>
    <Filter Include="Rendering\Shader wrappers\Shadow shader wrappers">
      <UniqueIdentifier>{5fd6b732-1941-43e2-9d4c-1be78126a2d6}</UniqueIdentifier>
    </Filter>
    <Filter Include="Procedural generation">
      <UniqueIdentifier>{6176e1c8-062b-4bea-bebc-18cdf3238207}</UniqueIdentifier>
    </Filter>
    <Filter Include="General Code">
      <UniqueIdentifier>{733ec30b-99a1-4609-a125-079f619223e3}</UniqueIdentifier>
    </Filter>
    <Filter Include="General Code\Utility">
      <UniqueIdentifier>{04eb2d9a-21f0-4c74-a18b-faa16431e743}</UniqueIdentifier>
    </Filter>
    <Filter Include="Rendering\Rendering utility">
      <UniqueIdentifier>{33fc996b-8b8b-41b1-b4cd-4d51729dcf3a}</UniqueIdentifier>
    </Filter>
    <Filter Include="Rendering\Shader wrappers\Post processing">
      <UniqueIdentifier>{ea2d2fbd-617c-455c-a898-27414fc8c13a}</UniqueIdentifier>
    </Filter>
    <Filter Include="Rendering\Shaders\Post processing">
      <UniqueIdentifier>{3ab2fc9c-1038-40dc-843a-659e9cad2ad3}</UniqueIdentifier>
    </Filter>
  </ItemGroup>
</Project>