<?xml version="1.0" encoding="utf-8"?>
<Project ToolsVersion="4.0" xmlns="http://schemas.microsoft.com/developer/msbuild/2003">
  <ItemGroup>
    <ClCompile Include="cpumeter.cpp">
      <Filter>General Code\Utility</Filter>
    </ClCompile>
    <ClCompile Include="DepthOnlyQuadShader.cpp">
      <Filter>Rendering\Shader wrappers\Shadow shader wrappers</Filter>
    </ClCompile>
    <ClCompile Include="DepthOnlyShader.cpp">
      <Filter>Rendering\Shader wrappers\Shadow shader wrappers</Filter>
    </ClCompile>
    <ClCompile Include="DRGBuffer.cpp">
      <Filter>Rendering\Shader wrappers\Deferred rendering wrappers</Filter>
    </ClCompile>
    <ClCompile Include="fpsmeter.cpp">
      <Filter>General Code\Utility</Filter>
    </ClCompile>
    <ClCompile Include="inputclass.cpp">
      <Filter>General Code\Utility</Filter>
    </ClCompile>
    <ClCompile Include="Utility.cpp">
      <Filter>General Code\Utility</Filter>
    </ClCompile>
    <ClCompile Include="timerclass.cpp">
      <Filter>General Code\Utility</Filter>
    </ClCompile>
    <ClCompile Include="texturearray.cpp">
      <Filter>Rendering\Rendering utility</Filter>
    </ClCompile>
    <ClCompile Include="textureclass.cpp">
      <Filter>Rendering\Rendering utility</Filter>
    </ClCompile>
    <ClCompile Include="bitmapclass.cpp">
      <Filter>Rendering\Rendering utility</Filter>
    </ClCompile>
    <ClCompile Include="debugwindowclass.cpp">
      <Filter>Rendering\Rendering utility</Filter>
    </ClCompile>
    <ClCompile Include="fontclass.cpp">
      <Filter>Rendering\Rendering utility</Filter>
    </ClCompile>
    <ClCompile Include="renderToTextureClass.cpp">
      <Filter>Rendering\Rendering utility</Filter>
    </ClCompile>
    <ClCompile Include="marchingCubesClass.cpp">
      <Filter>Terrain and procedural generation\MC</Filter>
    </ClCompile>
    <ClCompile Include="LSystemBranch.cpp">
      <Filter>Terrain and procedural generation\LSystem</Filter>
    </ClCompile>
    <ClCompile Include="LSystemClass.cpp">
      <Filter>Terrain and procedural generation\LSystem</Filter>
    </ClCompile>
    <ClCompile Include="GaussianBlur.cpp">
      <Filter>Rendering\Shader wrappers\Post processing wrappers</Filter>
    </ClCompile>
    <ClCompile Include="DRCompose.cpp">
      <Filter>Rendering\Shader wrappers\Post processing wrappers</Filter>
    </ClCompile>
    <ClCompile Include="textclass.cpp">
      <Filter>Rendering\Managers</Filter>
    </ClCompile>
    <ClCompile Include="VegetationManager.cpp">
      <Filter>Rendering\Managers</Filter>
    </ClCompile>
    <ClCompile Include="SkySphere.cpp">
      <Filter>Rendering\Objects</Filter>
    </ClCompile>
    <ClCompile Include="modelclass.cpp">
      <Filter>Rendering\Objects</Filter>
    </ClCompile>
    <ClCompile Include="TerrainManager.cpp">
      <Filter>Terrain and procedural generation</Filter>
    </ClCompile>
    <ClCompile Include="IndexedMesh.cpp">
      <Filter>Rendering\Objects</Filter>
    </ClCompile>
    <ClCompile Include="IndexedInstancedMesh.cpp">
      <Filter>Rendering\Objects</Filter>
    </ClCompile>
    <ClCompile Include="MCGBufferTerrainShader.cpp">
      <Filter>Rendering\Shader wrappers\Deferred rendering wrappers</Filter>
    </ClCompile>
    <ClCompile Include="VegetationShader.cpp">
      <Filter>Rendering\Shader wrappers\Vegetation shader wrappers</Filter>
    </ClCompile>
    <ClCompile Include="GeometryShaderGrass.cpp">
      <Filter>Rendering\Shader wrappers\Vegetation shader wrappers</Filter>
    </ClCompile>
    <ClCompile Include="NoiseClass.cpp">
      <Filter>Terrain and procedural generation\Noise</Filter>
    </ClCompile>
    <ClCompile Include="fontshaderclass.cpp">
      <Filter>Rendering\Shader wrappers\General shader wrappers</Filter>
    </ClCompile>
    <ClCompile Include="SkysphereShader.cpp">
      <Filter>Rendering\Shader wrappers\General shader wrappers</Filter>
    </ClCompile>
    <ClCompile Include="textureshaderclass.cpp">
      <Filter>Rendering\Shader wrappers\General shader wrappers</Filter>
    </ClCompile>
    <ClCompile Include="VertexShaderOnly.cpp">
      <Filter>Rendering\Shader wrappers\General shader wrappers</Filter>
    </ClCompile>
    <ClCompile Include="LerpInstance.cpp">
      <Filter>General Code\Mathstuff</Filter>
    </ClCompile>
    <ClCompile Include="LemmiQuadtree.h">
      <Filter>Gameplay... ish\Collision</Filter>
    </ClCompile>
    <ClCompile Include="Lemmi3DAABB.h">
      <Filter>Gameplay... ish\Collision</Filter>
    </ClCompile>
    <ClCompile Include="ParticleManager.cpp">
      <Filter>Rendering\Managers</Filter>
    </ClCompile>
    <ClCompile Include="frustumclass.cpp">
      <Filter>Gameplay... ish\Collision</Filter>
    </ClCompile>
    <ClCompile Include="MeshHandler.cpp">
      <Filter>Rendering\Managers</Filter>
    </ClCompile>
    <ClCompile Include="SentenceManager.cpp">
      <Filter>Rendering\Managers</Filter>
    </ClCompile>
    <ClCompile Include="Engine.cpp" />
    <ClCompile Include="main.cpp" />
    <ClCompile Include="MarchingCubeChunk.cpp">
      <Filter>Terrain and procedural generation\MC</Filter>
    </ClCompile>
    <ClCompile Include="SettingsManager.cpp">
      <Filter>Settings</Filter>
    </ClCompile>
    <ClCompile Include="StructsAndEnums.cpp">
      <Filter>General Code\Utility</Filter>
    </ClCompile>
    <ClCompile Include="TurnToSmokeShader.cpp">
      <Filter>Rendering\Shader wrappers\Deferred rendering wrappers</Filter>
    </ClCompile>
    <ClCompile Include="ScreenManager.cpp">
      <Filter>State machines and menus</Filter>
    </ClCompile>
    <ClCompile Include="d3dmanager.cpp">
      <Filter>Rendering\D3D Wrappers</Filter>
    </ClCompile>
    <ClCompile Include="BlendStateManager.cpp">
      <Filter>Rendering\D3D Wrappers</Filter>
    </ClCompile>
    <ClCompile Include="RasterizerStateManager.cpp">
      <Filter>Rendering\D3D Wrappers</Filter>
    </ClCompile>
    <ClCompile Include="DepthStencilManager.cpp">
      <Filter>Rendering\D3D Wrappers</Filter>
    </ClCompile>
    <ClCompile Include="ShadowManager.cpp">
      <Filter>Rendering\D3D Wrappers</Filter>
    </ClCompile>
    <ClCompile Include="TreeClass.cpp">
      <Filter>Terrain and procedural generation\LSystem</Filter>
    </ClCompile>
    <ClCompile Include="FullScreenShaderInterface.cpp">
      <Filter>Rendering\Shader wrappers</Filter>
    </ClCompile>
    <ClCompile Include="GameplayScreen.cpp">
      <Filter>State machines and menus\Screens</Filter>
    </ClCompile>
    <ClCompile Include="GenericScreen.cpp">
      <Filter>State machines and menus\Screens</Filter>
    </ClCompile>
    <ClCompile Include="MainMenuScreen.cpp">
      <Filter>State machines and menus\Screens</Filter>
    </ClCompile>
    <ClCompile Include="World.cpp">
      <Filter>Gameplay... ish</Filter>
    </ClCompile>
    <ClCompile Include="cameraclass.cpp">
      <Filter>Gameplay... ish</Filter>
    </ClCompile>
    <ClCompile Include="DayNightCycle.cpp">
      <Filter>Gameplay... ish</Filter>
    </ClCompile>
    <ClCompile Include="WeatherSystem.cpp">
      <Filter>Gameplay... ish</Filter>
    </ClCompile>
    <ClCompile Include="controllerclass.cpp">
      <Filter>Gameplay... ish</Filter>
    </ClCompile>
    <ClCompile Include="GameRenderer.cpp">
      <Filter>Rendering</Filter>
    </ClCompile>
    <ClCompile Include="DebugOverlayHUD.cpp">
      <Filter>State machines and menus\Screens\HUDs</Filter>
    </ClCompile>
    <ClCompile Include="OptionsScreen.cpp">
      <Filter>State machines and menus\Screens</Filter>
    </ClCompile>
    <ClCompile Include="MultiMeshModel.cpp">
      <Filter>Rendering\Objects</Filter>
    </ClCompile>
    <ClCompile Include="OBJModel.cpp">
      <Filter>Rendering\Objects</Filter>
    </ClCompile>
    <ClCompile Include="DRObjModelShader.cpp">
      <Filter>Rendering\Shader wrappers\Deferred rendering wrappers</Filter>
    </ClCompile>
    <ClCompile Include="..\Tinythread\tinythread.cpp">
      <Filter>Libraries\Tinythread</Filter>
    </ClCompile>
    <ClCompile Include="TerrainNoiseSeeder.cpp">
      <Filter>Terrain and procedural generation\Noise</Filter>
    </ClCompile>
    <ClCompile Include="ChunkFactory.cpp">
      <Filter>Terrain and procedural generation\Chunk Creation</Filter>
    </ClCompile>
    <ClCompile Include="ProceduralTextureHandler.cpp">
      <Filter>Rendering\Managers\Textures and materials</Filter>
    </ClCompile>
    <ClCompile Include="MaterialHandler.cpp">
      <Filter>Rendering\Managers\Textures and materials</Filter>
    </ClCompile>
    <ClCompile Include="TextureHandler.cpp">
      <Filter>Rendering\Managers\Textures and materials</Filter>
    </ClCompile>
    <ClCompile Include="TextureCreator.cpp">
      <Filter>Rendering\Managers\Textures and materials</Filter>
    </ClCompile>
    <ClCompile Include="DRDirectionalLight.cpp">
      <Filter>Rendering\Shader wrappers\Deferred rendering wrappers\Lighting</Filter>
    </ClCompile>
    <ClCompile Include="DRPointLight.cpp">
      <Filter>Rendering\Shader wrappers\Deferred rendering wrappers\Lighting</Filter>
    </ClCompile>
    <ClCompile Include="DRWaterClass.cpp">
      <Filter>Rendering\Shader wrappers\Deferred rendering wrappers\Water</Filter>
    </ClCompile>
    <ClCompile Include="SSAOShader.cpp">
      <Filter>Rendering\Shader wrappers\Post processing wrappers</Filter>
    </ClCompile>
    <ClCompile Include="TextOverlayScreen.cpp">
      <Filter>State machines and menus\Screens</Filter>
    </ClCompile>
    <ClCompile Include="SSAOBlur.cpp">
      <Filter>Rendering\Shader wrappers\Post processing wrappers</Filter>
    </ClCompile>
    <ClCompile Include="UnderwaterFilterShader.cpp">
      <Filter>Rendering\Shader wrappers\Post processing wrappers</Filter>
    </ClCompile>
    <ClCompile Include="FormattedListboxTextItem.cpp">
      <Filter>GUI</Filter>
    </ClCompile>
    <ClCompile Include="GameConsoleWindow.cpp">
      <Filter>GUI</Filter>
    </ClCompile>
    <ClCompile Include="ChatRoomScreen.cpp">
      <Filter>State machines and menus\Screens</Filter>
    </ClCompile>
    <ClCompile Include="NetworkClient.cpp">
      <Filter>Networking</Filter>
    </ClCompile>
    <ClCompile Include="NetworkServices.cpp">
      <Filter>Networking</Filter>
    </ClCompile>
    <ClCompile Include="NetworkServer.cpp">
      <Filter>Networking</Filter>
    </ClCompile>
  </ItemGroup>
  <ItemGroup>
    <ClInclude Include="cpumeter.h">
      <Filter>General Code\Utility</Filter>
    </ClInclude>
    <ClInclude Include="DepthOnlyShader.h">
      <Filter>Rendering\Shader wrappers\Shadow shader wrappers</Filter>
    </ClInclude>
    <ClInclude Include="DepthOnlyQuadShader.h">
      <Filter>Rendering\Shader wrappers\Shadow shader wrappers</Filter>
    </ClInclude>
    <ClInclude Include="DRGBuffer.h">
      <Filter>Rendering\Shader wrappers\Deferred rendering wrappers</Filter>
    </ClInclude>
    <ClInclude Include="fpsmeter.h">
      <Filter>General Code\Utility</Filter>
    </ClInclude>
    <ClInclude Include="inputclass.h">
      <Filter>General Code\Utility</Filter>
    </ClInclude>
    <ClInclude Include="Utility.h">
      <Filter>General Code\Utility</Filter>
    </ClInclude>
    <ClInclude Include="timerclass.h">
      <Filter>General Code\Utility</Filter>
    </ClInclude>
    <ClInclude Include="texturetriarray.h">
      <Filter>Rendering\Rendering utility</Filter>
    </ClInclude>
    <ClInclude Include="texturearray.h">
      <Filter>Rendering\Rendering utility</Filter>
    </ClInclude>
    <ClInclude Include="textureclass.h">
      <Filter>Rendering\Rendering utility</Filter>
    </ClInclude>
    <ClInclude Include="debugwindowclass.h">
      <Filter>Rendering\Rendering utility</Filter>
    </ClInclude>
    <ClInclude Include="bitmapclass.h">
      <Filter>Rendering\Rendering utility</Filter>
    </ClInclude>
    <ClInclude Include="fontclass.h">
      <Filter>Rendering\Rendering utility</Filter>
    </ClInclude>
    <ClInclude Include="renderToTextureClass.h">
      <Filter>Rendering\Rendering utility</Filter>
    </ClInclude>
    <ClInclude Include="metaballsClass.h">
      <Filter>Terrain and procedural generation\MC</Filter>
    </ClInclude>
    <ClInclude Include="marchingCubesClass.h">
      <Filter>Terrain and procedural generation\MC</Filter>
    </ClInclude>
    <ClInclude Include="LSystemClass.h">
      <Filter>Terrain and procedural generation\LSystem</Filter>
    </ClInclude>
    <ClInclude Include="LSystemBranch.h">
      <Filter>Terrain and procedural generation\LSystem</Filter>
    </ClInclude>
    <ClInclude Include="GaussianBlur.h">
      <Filter>Rendering\Shader wrappers\Post processing wrappers</Filter>
    </ClInclude>
    <ClInclude Include="DRCompose.h">
      <Filter>Rendering\Shader wrappers\Post processing wrappers</Filter>
    </ClInclude>
    <ClInclude Include="interfacepointers.h">
      <Filter>General Code\Utility</Filter>
    </ClInclude>
    <ClInclude Include="textclass.h">
      <Filter>Rendering\Managers</Filter>
    </ClInclude>
    <ClInclude Include="VegetationManager.h">
      <Filter>Rendering\Managers</Filter>
    </ClInclude>
    <ClInclude Include="SkySphere.h">
      <Filter>Rendering\Objects</Filter>
    </ClInclude>
    <ClInclude Include="modelclass.h">
      <Filter>Rendering\Objects</Filter>
    </ClInclude>
    <ClInclude Include="TerrainManager.h">
      <Filter>Terrain and procedural generation</Filter>
    </ClInclude>
    <ClInclude Include="RenderableInterface.h">
      <Filter>Rendering\Objects</Filter>
    </ClInclude>
    <ClInclude Include="IndexedMesh.h">
      <Filter>Rendering\Objects</Filter>
    </ClInclude>
    <ClInclude Include="IndexedInstancedMesh.h">
      <Filter>Rendering\Objects</Filter>
    </ClInclude>
    <ClInclude Include="MCGBufferTerrainShader.h">
      <Filter>Rendering\Shader wrappers\Deferred rendering wrappers</Filter>
    </ClInclude>
    <ClInclude Include="VegetationShader.h">
      <Filter>Rendering\Shader wrappers\Vegetation shader wrappers</Filter>
    </ClInclude>
    <ClInclude Include="GeometryShaderGrass.h">
      <Filter>Rendering\Shader wrappers\Vegetation shader wrappers</Filter>
    </ClInclude>
    <ClInclude Include="NoiseClass.h">
      <Filter>Terrain and procedural generation\Noise</Filter>
    </ClInclude>
    <ClInclude Include="VertexShaderOnly.h">
      <Filter>Rendering\Shader wrappers\General shader wrappers</Filter>
    </ClInclude>
    <ClInclude Include="fontshaderclass.h">
      <Filter>Rendering\Shader wrappers\General shader wrappers</Filter>
    </ClInclude>
    <ClInclude Include="SkysphereShader.h">
      <Filter>Rendering\Shader wrappers\General shader wrappers</Filter>
    </ClInclude>
    <ClInclude Include="textureshaderclass.h">
      <Filter>Rendering\Shader wrappers\General shader wrappers</Filter>
    </ClInclude>
    <ClInclude Include="LerpInstance.h">
      <Filter>General Code\Mathstuff</Filter>
    </ClInclude>
    <ClInclude Include="Lemmi2DAABB.h">
      <Filter>Gameplay... ish\Collision</Filter>
    </ClInclude>
    <ClInclude Include="ParticleManager.h">
      <Filter>Rendering\Managers</Filter>
    </ClInclude>
    <ClInclude Include="frustumclass.h">
      <Filter>Gameplay... ish\Collision</Filter>
    </ClInclude>
    <ClInclude Include="MeshHandler.h">
      <Filter>Rendering\Managers</Filter>
    </ClInclude>
    <ClInclude Include="SchladetschEvents.h">
      <Filter>General Code\Events</Filter>
    </ClInclude>
    <ClInclude Include="SentenceManager.h">
      <Filter>Rendering\Managers</Filter>
    </ClInclude>
    <ClInclude Include="Engine.h" />
    <ClInclude Include="MarchingCubeChunk.h">
      <Filter>Terrain and procedural generation\MC</Filter>
    </ClInclude>
    <ClInclude Include="SettingsManager.h">
      <Filter>Settings</Filter>
    </ClInclude>
    <ClInclude Include="StructsAndEnums.h">
      <Filter>General Code\Utility</Filter>
    </ClInclude>
    <ClInclude Include="TurnToSmokeShader.h">
      <Filter>Rendering\Shader wrappers\Deferred rendering wrappers</Filter>
    </ClInclude>
    <ClInclude Include="ScreenManager.h">
      <Filter>State machines and menus</Filter>
    </ClInclude>
    <ClInclude Include="d3dmanager.h">
      <Filter>Rendering\D3D Wrappers</Filter>
    </ClInclude>
    <ClInclude Include="BlendStateManager.h">
      <Filter>Rendering\D3D Wrappers</Filter>
    </ClInclude>
    <ClInclude Include="RasterizerStateManager.h">
      <Filter>Rendering\D3D Wrappers</Filter>
    </ClInclude>
    <ClInclude Include="DepthStencilManager.h">
      <Filter>Rendering\D3D Wrappers</Filter>
    </ClInclude>
    <ClInclude Include="ShadowManager.h">
      <Filter>Rendering\D3D Wrappers</Filter>
    </ClInclude>
    <ClInclude Include="TreeClass.h">
      <Filter>Terrain and procedural generation\LSystem</Filter>
    </ClInclude>
    <ClInclude Include="SettingsDependent.h">
      <Filter>Settings</Filter>
    </ClInclude>
    <ClInclude Include="FullScreenShaderInterface.h">
      <Filter>Rendering\Shader wrappers</Filter>
    </ClInclude>
    <ClInclude Include="GenericScreen.h">
      <Filter>State machines and menus\Screens</Filter>
    </ClInclude>
    <ClInclude Include="GameplayScreen.h">
      <Filter>State machines and menus\Screens</Filter>
    </ClInclude>
    <ClInclude Include="MainMenuScreen.h">
      <Filter>State machines and menus\Screens</Filter>
    </ClInclude>
    <ClInclude Include="World.h">
      <Filter>Gameplay... ish</Filter>
    </ClInclude>
    <ClInclude Include="cameraclass.h">
      <Filter>Gameplay... ish</Filter>
    </ClInclude>
    <ClInclude Include="DayNightCycle.h">
      <Filter>Gameplay... ish</Filter>
    </ClInclude>
    <ClInclude Include="WeatherSystem.h">
      <Filter>Gameplay... ish</Filter>
    </ClInclude>
    <ClInclude Include="controllerclass.h">
      <Filter>Gameplay... ish</Filter>
    </ClInclude>
    <ClInclude Include="GameRenderer.h">
      <Filter>Rendering</Filter>
    </ClInclude>
    <ClInclude Include="GameStates.h">
      <Filter>State machines and menus</Filter>
    </ClInclude>
    <ClInclude Include="DebugOverlayHUD.h">
      <Filter>State machines and menus\Screens\HUDs</Filter>
    </ClInclude>
    <ClInclude Include="DebugOverlayHUDHandle.h">
      <Filter>State machines and menus\Screens\HUDs</Filter>
    </ClInclude>
    <ClInclude Include="OptionsScreen.h">
      <Filter>State machines and menus\Screens</Filter>
    </ClInclude>
    <ClInclude Include="MultiMeshModel.h">
      <Filter>Rendering\Objects</Filter>
    </ClInclude>
    <ClInclude Include="DODContainer.h">
      <Filter>General Code\Data classes</Filter>
    </ClInclude>
    <ClInclude Include="OBJModel.h">
      <Filter>Rendering\Objects</Filter>
    </ClInclude>
    <ClInclude Include="DRObjModelShader.h">
      <Filter>Rendering\Shader wrappers\Deferred rendering wrappers</Filter>
    </ClInclude>
    <ClInclude Include="..\Tinythread\fast_mutex.h">
      <Filter>Libraries\Tinythread</Filter>
    </ClInclude>
    <ClInclude Include="..\Tinythread\tinythread.h">
      <Filter>Libraries\Tinythread</Filter>
    </ClInclude>
    <ClInclude Include="ThreadsafeQueue.h">
      <Filter>General Code\Data classes</Filter>
    </ClInclude>
    <ClInclude Include="TerrainNoiseSeeder.h">
      <Filter>Terrain and procedural generation\Noise</Filter>
    </ClInclude>
    <ClInclude Include="ChunkFactory.h">
      <Filter>Terrain and procedural generation\Chunk Creation</Filter>
    </ClInclude>
    <ClInclude Include="ProceduralTextureHandler.h">
      <Filter>Rendering\Managers\Textures and materials</Filter>
    </ClInclude>
    <ClInclude Include="MaterialHandler.h">
      <Filter>Rendering\Managers\Textures and materials</Filter>
    </ClInclude>
    <ClInclude Include="TextureHandler.h">
      <Filter>Rendering\Managers\Textures and materials</Filter>
    </ClInclude>
    <ClInclude Include="TextureCreator.h">
      <Filter>Rendering\Managers\Textures and materials</Filter>
    </ClInclude>
    <ClInclude Include="TextureAndMaterialStructs.h">
      <Filter>Rendering\Managers\Textures and materials</Filter>
    </ClInclude>
    <ClInclude Include="TerrainStructs.h">
      <Filter>Terrain and procedural generation\MC</Filter>
    </ClInclude>
    <ClInclude Include="DRDirectionalLight.h">
      <Filter>Rendering\Shader wrappers\Deferred rendering wrappers\Lighting</Filter>
    </ClInclude>
    <ClInclude Include="DRPointLight.h">
      <Filter>Rendering\Shader wrappers\Deferred rendering wrappers\Lighting</Filter>
    </ClInclude>
    <ClInclude Include="DRWaterClass.h">
      <Filter>Rendering\Shader wrappers\Deferred rendering wrappers\Water</Filter>
    </ClInclude>
    <ClInclude Include="SSAOShader.h">
      <Filter>Rendering\Shader wrappers\Post processing wrappers</Filter>
    </ClInclude>
    <ClInclude Include="TextOverlayScreen.h">
      <Filter>State machines and menus\Screens</Filter>
    </ClInclude>
    <ClInclude Include="SSAOBlur.h">
      <Filter>Rendering\Shader wrappers\Post processing wrappers</Filter>
    </ClInclude>
    <ClInclude Include="UnderwaterFilterShader.h">
      <Filter>Rendering\Shader wrappers\Post processing wrappers</Filter>
    </ClInclude>
    <ClInclude Include="ShaderInputStructs.h">
      <Filter>Rendering\Shader wrappers\Shader input structs</Filter>
    </ClInclude>
    <ClInclude Include="RenderableBundle.h">
      <Filter>Rendering\Rendering utility</Filter>
    </ClInclude>
    <ClInclude Include="FormattedListboxTextItem.h">
      <Filter>GUI</Filter>
    </ClInclude>
    <ClInclude Include="GameConsoleWindow.h">
      <Filter>GUI</Filter>
    </ClInclude>
    <ClInclude Include="ChatRoomScreen.h">
      <Filter>State machines and menus\Screens</Filter>
    </ClInclude>
    <ClInclude Include="NetworkClient.h">
      <Filter>Networking</Filter>
    </ClInclude>
    <ClInclude Include="NetworkServices.h">
      <Filter>Networking</Filter>
    </ClInclude>
    <ClInclude Include="NetworkServer.h">
      <Filter>Networking</Filter>
    </ClInclude>
    <ClInclude Include="NetworkData.h">
      <Filter>Networking</Filter>
    </ClInclude>
  </ItemGroup>
  <ItemGroup>
    <None Include="Shaders\GeometryShaderGrass.gsh">
      <Filter>Rendering\Shaders\Vegetation</Filter>
    </None>
    <None Include="Shaders\GeometryShaderGrass.psh">
      <Filter>Rendering\Shaders\Vegetation</Filter>
    </None>
    <None Include="Shaders\GeometryShaderGrass.vsh">
      <Filter>Rendering\Shaders\Vegetation</Filter>
    </None>
    <None Include="Shaders\VegetationQuad.psh">
      <Filter>Rendering\Shaders\Vegetation</Filter>
    </None>
    <None Include="Shaders\VegetationQuad.vsh">
      <Filter>Rendering\Shaders\Vegetation</Filter>
    </None>
    <None Include="Shaders\DepthOnlyShader.vsh">
      <Filter>Rendering\Shaders\Shadow shaders</Filter>
    </None>
    <None Include="Shaders\DepthOnlyShader.psh">
      <Filter>Rendering\Shaders\Shadow shaders</Filter>
    </None>
    <None Include="Shaders\DepthOnlyQuadShader.vsh">
      <Filter>Rendering\Shaders\Shadow shaders</Filter>
    </None>
    <None Include="Shaders\DepthOnlyQuadShader.psh">
      <Filter>Rendering\Shaders\Shadow shaders</Filter>
    </None>
    <None Include="Shaders\gaussianBlurY.psh">
      <Filter>Rendering\Shaders\Post processing</Filter>
    </None>
    <None Include="Shaders\gaussianBlurX.psh">
      <Filter>Rendering\Shaders\Post processing</Filter>
    </None>
    <None Include="Shaders\DRCompose.vsh">
      <Filter>Rendering\Shaders\Post processing</Filter>
    </None>
    <None Include="Shaders\texture.vsh">
      <Filter>Rendering\Shaders\General shaders</Filter>
    </None>
    <None Include="Shaders\texture.psh">
      <Filter>Rendering\Shaders\General shaders</Filter>
    </None>
    <None Include="Shaders\standard.vsh">
      <Filter>Rendering\Shaders\General shaders</Filter>
    </None>
    <None Include="Shaders\skysphere.vsh">
      <Filter>Rendering\Shaders\General shaders</Filter>
    </None>
    <None Include="Shaders\skysphere.psh">
      <Filter>Rendering\Shaders\General shaders</Filter>
    </None>
    <None Include="Shaders\font.vsh">
      <Filter>Rendering\Shaders\General shaders</Filter>
    </None>
    <None Include="Shaders\font.psh">
      <Filter>Rendering\Shaders\General shaders</Filter>
    </None>
    <None Include="Shaders\BasicVertexShader.vsh">
      <Filter>Rendering\Shaders\General shaders</Filter>
    </None>
    <None Include="Shaders\MCGBufferTerrainShader.vsh">
      <Filter>Rendering\Shaders\Deferred shaders</Filter>
    </None>
    <None Include="Shaders\MCGBufferTerrainShader.psh">
      <Filter>Rendering\Shaders\Deferred shaders</Filter>
    </None>
    <None Include="Shaders\DRGBuffer.vsh">
      <Filter>Rendering\Shaders\Deferred shaders</Filter>
    </None>
    <None Include="Shaders\DRGBuffer.psh">
      <Filter>Rendering\Shaders\Deferred shaders</Filter>
    </None>
    <None Include="credits.txt">
      <Filter>Text files</Filter>
    </None>
    <None Include="shader-error.txt">
      <Filter>Text files</Filter>
    </None>
    <None Include="..\TODO.txt">
      <Filter>Text files</Filter>
    </None>
    <None Include="settings.cfg">
      <Filter>Text files</Filter>
    </None>
    <None Include="Shaders\OBJGbuffer.psh">
      <Filter>Rendering\Shaders\Deferred shaders</Filter>
    </None>
    <None Include="Shaders\WaterShader.vsh">
      <Filter>Rendering\Shaders\Deferred shaders\Water</Filter>
    </None>
    <None Include="Shaders\WaterShader.gsh">
      <Filter>Rendering\Shaders\Deferred shaders\Water</Filter>
    </None>
    <None Include="Shaders\WaterShader.psh">
      <Filter>Rendering\Shaders\Deferred shaders\Water</Filter>
    </None>
    <None Include="Shaders\DRPointLight.psh">
      <Filter>Rendering\Shaders\Deferred shaders\Lighting</Filter>
    </None>
    <None Include="Shaders\DRPointLight.vsh">
      <Filter>Rendering\Shaders\Deferred shaders\Lighting</Filter>
    </None>
    <None Include="Shaders\DRDirectionalLight.psh">
      <Filter>Rendering\Shaders\Deferred shaders\Lighting</Filter>
    </None>
    <None Include="Shaders\DRDirectionalLight.vsh">
      <Filter>Rendering\Shaders\Deferred shaders\Lighting</Filter>
    </None>
    <None Include="Shaders\WaterAnimationVertexShader.vsh">
      <Filter>Rendering\Shaders\Deferred shaders\Water</Filter>
    </None>
    <None Include="Shaders\FullscreenQuadVertexShader.vsh">
      <Filter>Rendering\Shaders\General shaders</Filter>
    </None>
    <None Include="Shaders\SSAOShader.psh">
      <Filter>Rendering\Shaders\Post processing</Filter>
    </None>
    <None Include="Shaders\SSAOShader.vsh">
      <Filter>Rendering\Shaders\Post processing</Filter>
    </None>
    <None Include="Shaders\OBJGbuffer.vsh">
      <Filter>Rendering\Shaders\Deferred shaders</Filter>
    </None>
    <None Include="Shaders\SSAOBlur.psh">
      <Filter>Rendering\Shaders\Post processing</Filter>
    </None>
    <None Include="Shaders\DRCompose.psh">
      <Filter>Rendering\Shaders\Post processing</Filter>
    </None>
    <None Include="Shaders\UnderwaterFilterShader.psh">
      <Filter>Rendering\Shaders\Post processing</Filter>
    </None>
    <None Include="Shaders\UnderwaterFilterShader.vsh">
      <Filter>Rendering\Shaders\Post processing</Filter>
    </None>
    <None Include="libconfig\libconfig.h++">
      <Filter>Libraries\Libconfig</Filter>
    </None>
    <None Include="libconfig\libconfig++.dll">
      <Filter>Libraries\Libconfig</Filter>
    </None>
    <None Include="libconfig\libconfig_d.dll">
      <Filter>Libraries\Libconfig</Filter>
    </None>
    <None Include="libconfig\libconfig++_d.dll">
      <Filter>Libraries\Libconfig</Filter>
    </None>
    <None Include="libconfig\libconfig.dll">
      <Filter>Libraries\Libconfig</Filter>
    </None>
  </ItemGroup>
  <ItemGroup>
    <Filter Include="Rendering">
      <UniqueIdentifier>{4c5ca187-3851-40bb-8f21-71866bf8ec40}</UniqueIdentifier>
    </Filter>
    <Filter Include="Rendering\Shaders">
      <UniqueIdentifier>{565642f3-5a3e-4053-825b-b0f780399d7e}</UniqueIdentifier>
    </Filter>
    <Filter Include="Rendering\Shaders\Deferred shaders">
      <UniqueIdentifier>{477ea58d-2e4d-499d-aa7e-9a8aeb6ef252}</UniqueIdentifier>
    </Filter>
    <Filter Include="Rendering\Shaders\Shadow shaders">
      <UniqueIdentifier>{f3909b06-c348-46c2-8a2b-0dbe726ecaa4}</UniqueIdentifier>
    </Filter>
    <Filter Include="General Code">
      <UniqueIdentifier>{733ec30b-99a1-4609-a125-079f619223e3}</UniqueIdentifier>
    </Filter>
    <Filter Include="General Code\Utility">
      <UniqueIdentifier>{04eb2d9a-21f0-4c74-a18b-faa16431e743}</UniqueIdentifier>
    </Filter>
    <Filter Include="Rendering\Rendering utility">
      <UniqueIdentifier>{33fc996b-8b8b-41b1-b4cd-4d51729dcf3a}</UniqueIdentifier>
    </Filter>
    <Filter Include="Rendering\Shaders\Post processing">
      <UniqueIdentifier>{3ab2fc9c-1038-40dc-843a-659e9cad2ad3}</UniqueIdentifier>
    </Filter>
    <Filter Include="Rendering\Managers">
      <UniqueIdentifier>{0caad27d-4c85-41f6-8346-251466473ad0}</UniqueIdentifier>
    </Filter>
    <Filter Include="Rendering\Objects">
      <UniqueIdentifier>{965eb527-364b-4c1c-9609-492d29014ef3}</UniqueIdentifier>
    </Filter>
    <Filter Include="Rendering\Shaders\Vegetation">
      <UniqueIdentifier>{80065f5a-aa04-421f-b7a2-375306199981}</UniqueIdentifier>
    </Filter>
    <Filter Include="Rendering\Shaders\General shaders">
      <UniqueIdentifier>{928971b3-e5c7-4d2a-ba0f-751b722a5fbe}</UniqueIdentifier>
    </Filter>
    <Filter Include="Rendering\Shader wrappers">
      <UniqueIdentifier>{0a8f4398-cd82-4870-8e40-771be4f98bda}</UniqueIdentifier>
    </Filter>
    <Filter Include="Rendering\Shader wrappers\Deferred rendering wrappers">
      <UniqueIdentifier>{6073386f-052b-4234-a49f-55f3fb1520e5}</UniqueIdentifier>
    </Filter>
    <Filter Include="Rendering\Shader wrappers\Shadow shader wrappers">
      <UniqueIdentifier>{5fd6b732-1941-43e2-9d4c-1be78126a2d6}</UniqueIdentifier>
    </Filter>
    <Filter Include="Rendering\Shader wrappers\Vegetation shader wrappers">
      <UniqueIdentifier>{772f7d36-6add-4357-9074-bba23b6d478d}</UniqueIdentifier>
    </Filter>
    <Filter Include="Rendering\Shader wrappers\Post processing wrappers">
      <UniqueIdentifier>{ea2d2fbd-617c-455c-a898-27414fc8c13a}</UniqueIdentifier>
    </Filter>
    <Filter Include="Rendering\Shader wrappers\General shader wrappers">
      <UniqueIdentifier>{1c1f1a94-8188-47ac-a178-d6e4fd0a270f}</UniqueIdentifier>
    </Filter>
    <Filter Include="Text files">
      <UniqueIdentifier>{caed4d32-7871-44ed-ad58-066094b818a5}</UniqueIdentifier>
    </Filter>
    <Filter Include="Rendering\D3D Wrappers">
      <UniqueIdentifier>{f1f046a8-5ea8-4f97-b5a3-13648f2ef881}</UniqueIdentifier>
    </Filter>
    <Filter Include="State machines and menus">
      <UniqueIdentifier>{9f097deb-e971-4ca0-a54d-6bec5c6c750e}</UniqueIdentifier>
    </Filter>
    <Filter Include="State machines and menus\Screens">
      <UniqueIdentifier>{9bc7429b-0661-4d16-9fa9-ccd8985ffdfa}</UniqueIdentifier>
    </Filter>
    <Filter Include="Gameplay... ish">
      <UniqueIdentifier>{0cc6fb9c-2ecf-454c-8732-d0a15074a461}</UniqueIdentifier>
    </Filter>
    <Filter Include="Terrain and procedural generation">
      <UniqueIdentifier>{6176e1c8-062b-4bea-bebc-18cdf3238207}</UniqueIdentifier>
    </Filter>
    <Filter Include="Terrain and procedural generation\Noise">
      <UniqueIdentifier>{4c131b98-83f6-4745-8390-4b7d567fe47d}</UniqueIdentifier>
    </Filter>
    <Filter Include="Terrain and procedural generation\MC">
      <UniqueIdentifier>{12a28744-5ce8-4b0e-8813-557be086ce68}</UniqueIdentifier>
    </Filter>
    <Filter Include="Terrain and procedural generation\LSystem">
      <UniqueIdentifier>{d7a6d75b-5b8d-4413-9b4b-adcd086ff366}</UniqueIdentifier>
    </Filter>
    <Filter Include="Settings">
      <UniqueIdentifier>{1edc4557-0856-49f0-a67a-b73e8296179e}</UniqueIdentifier>
    </Filter>
    <Filter Include="State machines and menus\Screens\HUDs">
      <UniqueIdentifier>{6b9176ed-9fa7-4076-a393-4121544e4ddb}</UniqueIdentifier>
    </Filter>
    <Filter Include="General Code\Events">
      <UniqueIdentifier>{7f372fb0-8c39-4825-a979-b8a7dd3e2d25}</UniqueIdentifier>
    </Filter>
    <Filter Include="General Code\Mathstuff">
      <UniqueIdentifier>{88b84ffe-a0e6-4f5f-a7aa-1c2677ef42cd}</UniqueIdentifier>
    </Filter>
    <Filter Include="Gameplay... ish\Collision">
      <UniqueIdentifier>{993b7344-c805-49d5-8782-654f6cdc2ca0}</UniqueIdentifier>
    </Filter>
    <Filter Include="General Code\Data classes">
      <UniqueIdentifier>{955202af-5fc4-4195-af2d-9ab3089e1523}</UniqueIdentifier>
    </Filter>
    <Filter Include="Libraries">
      <UniqueIdentifier>{b2691cb4-19c7-47c9-ba2b-269b5a01461a}</UniqueIdentifier>
    </Filter>
    <Filter Include="Libraries\Tinythread">
      <UniqueIdentifier>{d6dd0404-b07f-4bd0-8ed8-7600bfcdc15b}</UniqueIdentifier>
    </Filter>
    <Filter Include="Terrain and procedural generation\Chunk Creation">
      <UniqueIdentifier>{f49b9e6b-4a1e-4562-bb93-eacc1859a033}</UniqueIdentifier>
    </Filter>
    <Filter Include="Rendering\Managers\Textures and materials">
      <UniqueIdentifier>{7c81cc1f-4288-4e5c-abb0-41996f8f3793}</UniqueIdentifier>
    </Filter>
    <Filter Include="Rendering\Shaders\Deferred shaders\Water">
      <UniqueIdentifier>{da1bdbce-f89e-4dde-8e5d-4b514eff0efa}</UniqueIdentifier>
    </Filter>
    <Filter Include="Rendering\Shaders\Deferred shaders\Lighting">
      <UniqueIdentifier>{07b57fd5-9f4d-49f6-b992-debb7dd48c94}</UniqueIdentifier>
    </Filter>
    <Filter Include="Rendering\Shader wrappers\Deferred rendering wrappers\Water">
      <UniqueIdentifier>{352ab356-575e-4f66-ae5f-70ee5a6799a9}</UniqueIdentifier>
    </Filter>
    <Filter Include="Rendering\Shader wrappers\Deferred rendering wrappers\Lighting">
      <UniqueIdentifier>{938f22ed-f852-4c01-869d-5b5504714088}</UniqueIdentifier>
    </Filter>
    <Filter Include="Rendering\Shader wrappers\Shader input structs">
      <UniqueIdentifier>{fb042562-9cfd-45b1-b1bd-d5310e97e1da}</UniqueIdentifier>
    </Filter>
    <Filter Include="GUI">
      <UniqueIdentifier>{f4369cf8-bf3c-4ea1-9733-7a6bf436134b}</UniqueIdentifier>
    </Filter>
    <Filter Include="Libraries\Libconfig">
      <UniqueIdentifier>{2b40901e-0f02-44f3-b6cf-65198e187e2a}</UniqueIdentifier>
    </Filter>
    <Filter Include="Networking">
      <UniqueIdentifier>{3634a078-c756-427e-aa4b-d73d1e871a70}</UniqueIdentifier>
    </Filter>
  </ItemGroup>
  <ItemGroup>
    <Library Include="libconfig\libconfig++.lib">
      <Filter>Libraries\Libconfig</Filter>
    </Library>
    <Library Include="libconfig\libconfig.lib">
      <Filter>Libraries\Libconfig</Filter>
    </Library>
  </ItemGroup>
</Project>